
Microsoft Visual Studio Solution File, Format Version 12.00
# Visual Studio 15
Project("{FAE04EC0-301F-11D3-BF4B-00C04F79EFBC}") = "Assembly-CSharp", "Assembly-CSharp.csproj", "{EE5E3B2C-1F3F-2A90-4F01-4D6B50FB9B68}"
EndProject
Project("{FAE04EC0-301F-11D3-BF4B-00C04F79EFBC}") = "Assembly-CSharp", "Assembly-CSharp.Player.csproj", "{731708CE-4C39-8F28-785C-08D4D3975FB3}"
EndProject
Global
	GlobalSection(SolutionConfigurationPlatforms) = preSolution
		Debug|Any CPU = Debug|Any CPU
		Release|Any CPU = Release|Any CPU
	EndGlobalSection
	GlobalSection(ProjectConfigurationPlatforms) = postSolution
		{EE5E3B2C-1F3F-2A90-4F01-4D6B50FB9B68}.Debug|Any CPU.ActiveCfg = Debug|Any CPU
		{EE5E3B2C-1F3F-2A90-4F01-4D6B50FB9B68}.Debug|Any CPU.Build.0 = Debug|Any CPU
		{EE5E3B2C-1F3F-2A90-4F01-4D6B50FB9B68}.Release|Any CPU.ActiveCfg = Release|Any CPU
		{EE5E3B2C-1F3F-2A90-4F01-4D6B50FB9B68}.Release|Any CPU.Build.0 = Release|Any CPU
		{731708CE-4C39-8F28-785C-08D4D3975FB3}.Debug|Any CPU.ActiveCfg = Debug|Any CPU
		{731708CE-4C39-8F28-785C-08D4D3975FB3}.Debug|Any CPU.Build.0 = Debug|Any CPU
		{731708CE-4C39-8F28-785C-08D4D3975FB3}.Release|Any CPU.ActiveCfg = Release|Any CPU
		{731708CE-4C39-8F28-785C-08D4D3975FB3}.Release|Any CPU.Build.0 = Release|Any CPU
	EndGlobalSection
	GlobalSection(SolutionProperties) = preSolution
		HideSolutionNode = FALSE
	EndGlobalSection
EndGlobal
